// !$*UTF8*$!
{
	archiveVersion = 1;
	classes = {
	};
	objectVersion = 55;
	objects = {

/* Begin PBXBuildFile section */
		BA270878284EF52D002FAC63 /* SmartHomeThermostatApp.swift in Sources */ = {isa = PBXBuildFile; fileRef = BA270877284EF52D002FAC63 /* SmartHomeThermostatApp.swift */; };
		BA27087A284EF52D002FAC63 /* ContentView.swift in Sources */ = {isa = PBXBuildFile; fileRef = BA270879284EF52D002FAC63 /* ContentView.swift */; };
		BA27087C284EF52F002FAC63 /* Assets.xcassets in Resources */ = {isa = PBXBuildFile; fileRef = BA27087B284EF52F002FAC63 /* Assets.xcassets */; };
		BA27087F284EF52F002FAC63 /* Preview Assets.xcassets in Resources */ = {isa = PBXBuildFile; fileRef = BA27087E284EF52F002FAC63 /* Preview Assets.xcassets */; };
		BA270889284EF52F002FAC63 /* SmartHomeThermostatTests.swift in Sources */ = {isa = PBXBuildFile; fileRef = BA270888284EF52F002FAC63 /* SmartHomeThermostatTests.swift */; };
		BA270893284EF52F002FAC63 /* SmartHomeThermostatUITests.swift in Sources */ = {isa = PBXBuildFile; fileRef = BA270892284EF52F002FAC63 /* SmartHomeThermostatUITests.swift */; };
		BA270895284EF52F002FAC63 /* SmartHomeThermostatUITestsLaunchTests.swift in Sources */ = {isa = PBXBuildFile; fileRef = BA270894284EF52F002FAC63 /* SmartHomeThermostatUITestsLaunchTests.swift */; };
		BA2708A2284EF8FD002FAC63 /* Extensions.swift in Sources */ = {isa = PBXBuildFile; fileRef = BA2708A1284EF8FD002FAC63 /* Extensions.swift */; };
		BA2708A4284EFA7A002FAC63 /* ClimateCard.swift in Sources */ = {isa = PBXBuildFile; fileRef = BA2708A3284EFA7A002FAC63 /* ClimateCard.swift */; };
		BA2708A8284F1156002FAC63 /* ThermometerView.swift in Sources */ = {isa = PBXBuildFile; fileRef = BA2708A7284F1156002FAC63 /* ThermometerView.swift */; };
		BA2708AA284F12AB002FAC63 /* ThermometerPlaceholderView.swift in Sources */ = {isa = PBXBuildFile; fileRef = BA2708A9284F12AB002FAC63 /* ThermometerPlaceholderView.swift */; };
		BA2708AC284F3966002FAC63 /* ThermometerDialView.swift in Sources */ = {isa = PBXBuildFile; fileRef = BA2708AB284F3966002FAC63 /* ThermometerDialView.swift */; };
		BA2B48A928502E21002018DC /* ThermometerSummaryView.swift in Sources */ = {isa = PBXBuildFile; fileRef = BA2B48A828502E21002018DC /* ThermometerSummaryView.swift */; };
		BA2B48AB285031D4002018DC /* ThermometerScaleView.swift in Sources */ = {isa = PBXBuildFile; fileRef = BA2B48AA285031D4002018DC /* ThermometerScaleView.swift */; };
/* End PBXBuildFile section */

/* Begin PBXContainerItemProxy section */
		BA270885284EF52F002FAC63 /* PBXContainerItemProxy */ = {
			isa = PBXContainerItemProxy;
			containerPortal = BA27086C284EF52D002FAC63 /* Project object */;
			proxyType = 1;
			remoteGlobalIDString = BA270873284EF52D002FAC63;
			remoteInfo = SmartHomeThermostat;
		};
		BA27088F284EF52F002FAC63 /* PBXContainerItemProxy */ = {
			isa = PBXContainerItemProxy;
			containerPortal = BA27086C284EF52D002FAC63 /* Project object */;
			proxyType = 1;
			remoteGlobalIDString = BA270873284EF52D002FAC63;
			remoteInfo = SmartHomeThermostat;
		};
/* End PBXContainerItemProxy section */

/* Begin PBXFileReference section */
		BA270874284EF52D002FAC63 /* SmartHomeThermostat.app */ = {isa = PBXFileReference; explicitFileType = wrapper.application; includeInIndex = 0; path = SmartHomeThermostat.app; sourceTree = BUILT_PRODUCTS_DIR; };
		BA270877284EF52D002FAC63 /* SmartHomeThermostatApp.swift */ = {isa = PBXFileReference; lastKnownFileType = sourcecode.swift; path = SmartHomeThermostatApp.swift; sourceTree = "<group>"; };
		BA270879284EF52D002FAC63 /* ContentView.swift */ = {isa = PBXFileReference; lastKnownFileType = sourcecode.swift; path = ContentView.swift; sourceTree = "<group>"; };
		BA27087B284EF52F002FAC63 /* Assets.xcassets */ = {isa = PBXFileReference; lastKnownFileType = folder.assetcatalog; path = Assets.xcassets; sourceTree = "<group>"; };
		BA27087E284EF52F002FAC63 /* Preview Assets.xcassets */ = {isa = PBXFileReference; lastKnownFileType = folder.assetcatalog; path = "Preview Assets.xcassets"; sourceTree = "<group>"; };
		BA270884284EF52F002FAC63 /* SmartHomeThermostatTests.xctest */ = {isa = PBXFileReference; explicitFileType = wrapper.cfbundle; includeInIndex = 0; path = SmartHomeThermostatTests.xctest; sourceTree = BUILT_PRODUCTS_DIR; };
		BA270888284EF52F002FAC63 /* SmartHomeThermostatTests.swift */ = {isa = PBXFileReference; lastKnownFileType = sourcecode.swift; path = SmartHomeThermostatTests.swift; sourceTree = "<group>"; };
		BA27088E284EF52F002FAC63 /* SmartHomeThermostatUITests.xctest */ = {isa = PBXFileReference; explicitFileType = wrapper.cfbundle; includeInIndex = 0; path = SmartHomeThermostatUITests.xctest; sourceTree = BUILT_PRODUCTS_DIR; };
		BA270892284EF52F002FAC63 /* SmartHomeThermostatUITests.swift */ = {isa = PBXFileReference; lastKnownFileType = sourcecode.swift; path = SmartHomeThermostatUITests.swift; sourceTree = "<group>"; };
		BA270894284EF52F002FAC63 /* SmartHomeThermostatUITestsLaunchTests.swift */ = {isa = PBXFileReference; lastKnownFileType = sourcecode.swift; path = SmartHomeThermostatUITestsLaunchTests.swift; sourceTree = "<group>"; };
		BA2708A1284EF8FD002FAC63 /* Extensions.swift */ = {isa = PBXFileReference; lastKnownFileType = sourcecode.swift; path = Extensions.swift; sourceTree = "<group>"; };
		BA2708A3284EFA7A002FAC63 /* ClimateCard.swift */ = {isa = PBXFileReference; lastKnownFileType = sourcecode.swift; path = ClimateCard.swift; sourceTree = "<group>"; };
		BA2708A7284F1156002FAC63 /* ThermometerView.swift */ = {isa = PBXFileReference; lastKnownFileType = sourcecode.swift; path = ThermometerView.swift; sourceTree = "<group>"; };
		BA2708A9284F12AB002FAC63 /* ThermometerPlaceholderView.swift */ = {isa = PBXFileReference; lastKnownFileType = sourcecode.swift; path = ThermometerPlaceholderView.swift; sourceTree = "<group>"; };
		BA2708AB284F3966002FAC63 /* ThermometerDialView.swift */ = {isa = PBXFileReference; lastKnownFileType = sourcecode.swift; path = ThermometerDialView.swift; sourceTree = "<group>"; };
		BA2B48A828502E21002018DC /* ThermometerSummaryView.swift */ = {isa = PBXFileReference; lastKnownFileType = sourcecode.swift; path = ThermometerSummaryView.swift; sourceTree = "<group>"; };
		BA2B48AA285031D4002018DC /* ThermometerScaleView.swift */ = {isa = PBXFileReference; lastKnownFileType = sourcecode.swift; path = ThermometerScaleView.swift; sourceTree = "<group>"; };
/* End PBXFileReference section */

/* Begin PBXFrameworksBuildPhase section */
		BA270871284EF52D002FAC63 /* Frameworks */ = {
			isa = PBXFrameworksBuildPhase;
			buildActionMask = 2147483647;
			files = (
			);
			runOnlyForDeploymentPostprocessing = 0;
		};
		BA270881284EF52F002FAC63 /* Frameworks */ = {
			isa = PBXFrameworksBuildPhase;
			buildActionMask = 2147483647;
			files = (
			);
			runOnlyForDeploymentPostprocessing = 0;
		};
		BA27088B284EF52F002FAC63 /* Frameworks */ = {
			isa = PBXFrameworksBuildPhase;
			buildActionMask = 2147483647;
			files = (
			);
			runOnlyForDeploymentPostprocessing = 0;
		};
/* End PBXFrameworksBuildPhase section */

/* Begin PBXGroup section */
		BA27086B284EF52D002FAC63 = {
			isa = PBXGroup;
			children = (
				BA270876284EF52D002FAC63 /* SmartHomeThermostat */,
				BA270887284EF52F002FAC63 /* SmartHomeThermostatTests */,
				BA270891284EF52F002FAC63 /* SmartHomeThermostatUITests */,
				BA270875284EF52D002FAC63 /* Products */,
			);
			sourceTree = "<group>";
		};
		BA270875284EF52D002FAC63 /* Products */ = {
			isa = PBXGroup;
			children = (
				BA270874284EF52D002FAC63 /* SmartHomeThermostat.app */,
				BA270884284EF52F002FAC63 /* SmartHomeThermostatTests.xctest */,
				BA27088E284EF52F002FAC63 /* SmartHomeThermostatUITests.xctest */,
			);
			name = Products;
			sourceTree = "<group>";
		};
		BA270876284EF52D002FAC63 /* SmartHomeThermostat */ = {
			isa = PBXGroup;
			children = (
				BA270877284EF52D002FAC63 /* SmartHomeThermostatApp.swift */,
				BA270879284EF52D002FAC63 /* ContentView.swift */,
				BA2708A7284F1156002FAC63 /* ThermometerView.swift */,
				BA2708AB284F3966002FAC63 /* ThermometerDialView.swift */,
				BA2B48A828502E21002018DC /* ThermometerSummaryView.swift */,
				BA2708A3284EFA7A002FAC63 /* ClimateCard.swift */,
				BA2B48AA285031D4002018DC /* ThermometerScaleView.swift */,
				BA2708A9284F12AB002FAC63 /* ThermometerPlaceholderView.swift */,
				BA2708A1284EF8FD002FAC63 /* Extensions.swift */,
				BA27087B284EF52F002FAC63 /* Assets.xcassets */,
				BA27087D284EF52F002FAC63 /* Preview Content */,
			);
			path = SmartHomeThermostat;
			sourceTree = "<group>";
		};
		BA27087D284EF52F002FAC63 /* Preview Content */ = {
			isa = PBXGroup;
			children = (
				BA27087E284EF52F002FAC63 /* Preview Assets.xcassets */,
			);
			path = "Preview Content";
			sourceTree = "<group>";
		};
		BA270887284EF52F002FAC63 /* SmartHomeThermostatTests */ = {
			isa = PBXGroup;
			children = (
				BA270888284EF52F002FAC63 /* SmartHomeThermostatTests.swift */,
			);
			path = SmartHomeThermostatTests;
			sourceTree = "<group>";
		};
		BA270891284EF52F002FAC63 /* SmartHomeThermostatUITests */ = {
			isa = PBXGroup;
			children = (
				BA270892284EF52F002FAC63 /* SmartHomeThermostatUITests.swift */,
				BA270894284EF52F002FAC63 /* SmartHomeThermostatUITestsLaunchTests.swift */,
			);
			path = SmartHomeThermostatUITests;
			sourceTree = "<group>";
		};
/* End PBXGroup section */

/* Begin PBXNativeTarget section */
		BA270873284EF52D002FAC63 /* SmartHomeThermostat */ = {
			isa = PBXNativeTarget;
			buildConfigurationList = BA270898284EF52F002FAC63 /* Build configuration list for PBXNativeTarget "SmartHomeThermostat" */;
			buildPhases = (
				BA270870284EF52D002FAC63 /* Sources */,
				BA270871284EF52D002FAC63 /* Frameworks */,
				BA270872284EF52D002FAC63 /* Resources */,
			);
			buildRules = (
			);
			dependencies = (
			);
			name = SmartHomeThermostat;
			productName = SmartHomeThermostat;
			productReference = BA270874284EF52D002FAC63 /* SmartHomeThermostat.app */;
			productType = "com.apple.product-type.application";
		};
		BA270883284EF52F002FAC63 /* SmartHomeThermostatTests */ = {
			isa = PBXNativeTarget;
			buildConfigurationList = BA27089B284EF52F002FAC63 /* Build configuration list for PBXNativeTarget "SmartHomeThermostatTests" */;
			buildPhases = (
				BA270880284EF52F002FAC63 /* Sources */,
				BA270881284EF52F002FAC63 /* Frameworks */,
				BA270882284EF52F002FAC63 /* Resources */,
			);
			buildRules = (
			);
			dependencies = (
				BA270886284EF52F002FAC63 /* PBXTargetDependency */,
			);
			name = SmartHomeThermostatTests;
			productName = SmartHomeThermostatTests;
			productReference = BA270884284EF52F002FAC63 /* SmartHomeThermostatTests.xctest */;
			productType = "com.apple.product-type.bundle.unit-test";
		};
		BA27088D284EF52F002FAC63 /* SmartHomeThermostatUITests */ = {
			isa = PBXNativeTarget;
			buildConfigurationList = BA27089E284EF52F002FAC63 /* Build configuration list for PBXNativeTarget "SmartHomeThermostatUITests" */;
			buildPhases = (
				BA27088A284EF52F002FAC63 /* Sources */,
				BA27088B284EF52F002FAC63 /* Frameworks */,
				BA27088C284EF52F002FAC63 /* Resources */,
			);
			buildRules = (
			);
			dependencies = (
				BA270890284EF52F002FAC63 /* PBXTargetDependency */,
			);
			name = SmartHomeThermostatUITests;
			productName = SmartHomeThermostatUITests;
			productReference = BA27088E284EF52F002FAC63 /* SmartHomeThermostatUITests.xctest */;
			productType = "com.apple.product-type.bundle.ui-testing";
		};
/* End PBXNativeTarget section */

/* Begin PBXProject section */
		BA27086C284EF52D002FAC63 /* Project object */ = {
			isa = PBXProject;
			attributes = {
				BuildIndependentTargetsInParallel = 1;
				LastSwiftUpdateCheck = 1340;
				LastUpgradeCheck = 1340;
				TargetAttributes = {
					BA270873284EF52D002FAC63 = {
						CreatedOnToolsVersion = 13.4.1;
					};
					BA270883284EF52F002FAC63 = {
						CreatedOnToolsVersion = 13.4.1;
						TestTargetID = BA270873284EF52D002FAC63;
					};
					BA27088D284EF52F002FAC63 = {
						CreatedOnToolsVersion = 13.4.1;
						TestTargetID = BA270873284EF52D002FAC63;
					};
				};
			};
			buildConfigurationList = BA27086F284EF52D002FAC63 /* Build configuration list for PBXProject "SmartHomeThermostat" */;
			compatibilityVersion = "Xcode 13.0";
			developmentRegion = en;
			hasScannedForEncodings = 0;
			knownRegions = (
				en,
				Base,
			);
			mainGroup = BA27086B284EF52D002FAC63;
			productRefGroup = BA270875284EF52D002FAC63 /* Products */;
			projectDirPath = "";
			projectRoot = "";
			targets = (
				BA270873284EF52D002FAC63 /* SmartHomeThermostat */,
				BA270883284EF52F002FAC63 /* SmartHomeThermostatTests */,
				BA27088D284EF52F002FAC63 /* SmartHomeThermostatUITests */,
			);
		};
/* End PBXProject section */

/* Begin PBXResourcesBuildPhase section */
		BA270872284EF52D002FAC63 /* Resources */ = {
			isa = PBXResourcesBuildPhase;
			buildActionMask = 2147483647;
			files = (
				BA27087F284EF52F002FAC63 /* Preview Assets.xcassets in Resources */,
				BA27087C284EF52F002FAC63 /* Assets.xcassets in Resources */,
			);
			runOnlyForDeploymentPostprocessing = 0;
		};
		BA270882284EF52F002FAC63 /* Resources */ = {
			isa = PBXResourcesBuildPhase;
			buildActionMask = 2147483647;
			files = (
			);
			runOnlyForDeploymentPostprocessing = 0;
		};
		BA27088C284EF52F002FAC63 /* Resources */ = {
			isa = PBXResourcesBuildPhase;
			buildActionMask = 2147483647;
			files = (
			);
			runOnlyForDeploymentPostprocessing = 0;
		};
/* End PBXResourcesBuildPhase section */

/* Begin PBXSourcesBuildPhase section */
		BA270870284EF52D002FAC63 /* Sources */ = {
			isa = PBXSourcesBuildPhase;
			buildActionMask = 2147483647;
			files = (
				BA27087A284EF52D002FAC63 /* ContentView.swift in Sources */,
				BA2708A8284F1156002FAC63 /* ThermometerView.swift in Sources */,
				BA2708AA284F12AB002FAC63 /* ThermometerPlaceholderView.swift in Sources */,
				BA2B48AB285031D4002018DC /* ThermometerScaleView.swift in Sources */,
				BA2708A4284EFA7A002FAC63 /* ClimateCard.swift in Sources */,
				BA2B48A928502E21002018DC /* ThermometerSummaryView.swift in Sources */,
				BA2708A2284EF8FD002FAC63 /* Extensions.swift in Sources */,
				BA2708AC284F3966002FAC63 /* ThermometerDialView.swift in Sources */,
				BA270878284EF52D002FAC63 /* SmartHomeThermostatApp.swift in Sources */,
			);
			runOnlyForDeploymentPostprocessing = 0;
		};
		BA270880284EF52F002FAC63 /* Sources */ = {
			isa = PBXSourcesBuildPhase;
			buildActionMask = 2147483647;
			files = (
				BA270889284EF52F002FAC63 /* SmartHomeThermostatTests.swift in Sources */,
			);
			runOnlyForDeploymentPostprocessing = 0;
		};
		BA27088A284EF52F002FAC63 /* Sources */ = {
			isa = PBXSourcesBuildPhase;
			buildActionMask = 2147483647;
			files = (
				BA270895284EF52F002FAC63 /* SmartHomeThermostatUITestsLaunchTests.swift in Sources */,
				BA270893284EF52F002FAC63 /* SmartHomeThermostatUITests.swift in Sources */,
			);
			runOnlyForDeploymentPostprocessing = 0;
		};
/* End PBXSourcesBuildPhase section */

/* Begin PBXTargetDependency section */
		BA270886284EF52F002FAC63 /* PBXTargetDependency */ = {
			isa = PBXTargetDependency;
			target = BA270873284EF52D002FAC63 /* SmartHomeThermostat */;
			targetProxy = BA270885284EF52F002FAC63 /* PBXContainerItemProxy */;
		};
		BA270890284EF52F002FAC63 /* PBXTargetDependency */ = {
			isa = PBXTargetDependency;
			target = BA270873284EF52D002FAC63 /* SmartHomeThermostat */;
			targetProxy = BA27088F284EF52F002FAC63 /* PBXContainerItemProxy */;
		};
/* End PBXTargetDependency section */

/* Begin XCBuildConfiguration section */
		BA270896284EF52F002FAC63 /* Debug */ = {
			isa = XCBuildConfiguration;
			buildSettings = {
				ALWAYS_SEARCH_USER_PATHS = NO;
				CLANG_ANALYZER_NONNULL = YES;
				CLANG_ANALYZER_NUMBER_OBJECT_CONVERSION = YES_AGGRESSIVE;
				CLANG_CXX_LANGUAGE_STANDARD = "gnu++17";
				CLANG_ENABLE_MODULES = YES;
				CLANG_ENABLE_OBJC_ARC = YES;
				CLANG_ENABLE_OBJC_WEAK = YES;
				CLANG_WARN_BLOCK_CAPTURE_AUTORELEASING = YES;
				CLANG_WARN_BOOL_CONVERSION = YES;
				CLANG_WARN_COMMA = YES;
				CLANG_WARN_CONSTANT_CONVERSION = YES;
				CLANG_WARN_DEPRECATED_OBJC_IMPLEMENTATIONS = YES;
				CLANG_WARN_DIRECT_OBJC_ISA_USAGE = YES_ERROR;
				CLANG_WARN_DOCUMENTATION_COMMENTS = YES;
				CLANG_WARN_EMPTY_BODY = YES;
				CLANG_WARN_ENUM_CONVERSION = YES;
				CLANG_WARN_INFINITE_RECURSION = YES;
				CLANG_WARN_INT_CONVERSION = YES;
				CLANG_WARN_NON_LITERAL_NULL_CONVERSION = YES;
				CLANG_WARN_OBJC_IMPLICIT_RETAIN_SELF = YES;
				CLANG_WARN_OBJC_LITERAL_CONVERSION = YES;
				CLANG_WARN_OBJC_ROOT_CLASS = YES_ERROR;
				CLANG_WARN_QUOTED_INCLUDE_IN_FRAMEWORK_HEADER = YES;
				CLANG_WARN_RANGE_LOOP_ANALYSIS = YES;
				CLANG_WARN_STRICT_PROTOTYPES = YES;
				CLANG_WARN_SUSPICIOUS_MOVE = YES;
				CLANG_WARN_UNGUARDED_AVAILABILITY = YES_AGGRESSIVE;
				CLANG_WARN_UNREACHABLE_CODE = YES;
				CLANG_WARN__DUPLICATE_METHOD_MATCH = YES;
				COPY_PHASE_STRIP = NO;
				DEBUG_INFORMATION_FORMAT = dwarf;
				ENABLE_STRICT_OBJC_MSGSEND = YES;
				ENABLE_TESTABILITY = YES;
				GCC_C_LANGUAGE_STANDARD = gnu11;
				GCC_DYNAMIC_NO_PIC = NO;
				GCC_NO_COMMON_BLOCKS = YES;
				GCC_OPTIMIZATION_LEVEL = 0;
				GCC_PREPROCESSOR_DEFINITIONS = (
					"DEBUG=1",
					"$(inherited)",
				);
				GCC_WARN_64_TO_32_BIT_CONVERSION = YES;
				GCC_WARN_ABOUT_RETURN_TYPE = YES_ERROR;
				GCC_WARN_UNDECLARED_SELECTOR = YES;
				GCC_WARN_UNINITIALIZED_AUTOS = YES_AGGRESSIVE;
				GCC_WARN_UNUSED_FUNCTION = YES;
				GCC_WARN_UNUSED_VARIABLE = YES;
				IPHONEOS_DEPLOYMENT_TARGET = 15.5;
				MTL_ENABLE_DEBUG_INFO = INCLUDE_SOURCE;
				MTL_FAST_MATH = YES;
				ONLY_ACTIVE_ARCH = YES;
				SDKROOT = iphoneos;
				SWIFT_ACTIVE_COMPILATION_CONDITIONS = DEBUG;
				SWIFT_OPTIMIZATION_LEVEL = "-Onone";
			};
			name = Debug;
		};
		BA270897284EF52F002FAC63 /* Release */ = {
			isa = XCBuildConfiguration;
			buildSettings = {
				ALWAYS_SEARCH_USER_PATHS = NO;
				CLANG_ANALYZER_NONNULL = YES;
				CLANG_ANALYZER_NUMBER_OBJECT_CONVERSION = YES_AGGRESSIVE;
				CLANG_CXX_LANGUAGE_STANDARD = "gnu++17";
				CLANG_ENABLE_MODULES = YES;
				CLANG_ENABLE_OBJC_ARC = YES;
				CLANG_ENABLE_OBJC_WEAK = YES;
				CLANG_WARN_BLOCK_CAPTURE_AUTORELEASING = YES;
				CLANG_WARN_BOOL_CONVERSION = YES;
				CLANG_WARN_COMMA = YES;
				CLANG_WARN_CONSTANT_CONVERSION = YES;
				CLANG_WARN_DEPRECATED_OBJC_IMPLEMENTATIONS = YES;
				CLANG_WARN_DIRECT_OBJC_ISA_USAGE = YES_ERROR;
				CLANG_WARN_DOCUMENTATION_COMMENTS = YES;
				CLANG_WARN_EMPTY_BODY = YES;
				CLANG_WARN_ENUM_CONVERSION = YES;
				CLANG_WARN_INFINITE_RECURSION = YES;
				CLANG_WARN_INT_CONVERSION = YES;
				CLANG_WARN_NON_LITERAL_NULL_CONVERSION = YES;
				CLANG_WARN_OBJC_IMPLICIT_RETAIN_SELF = YES;
				CLANG_WARN_OBJC_LITERAL_CONVERSION = YES;
				CLANG_WARN_OBJC_ROOT_CLASS = YES_ERROR;
				CLANG_WARN_QUOTED_INCLUDE_IN_FRAMEWORK_HEADER = YES;
				CLANG_WARN_RANGE_LOOP_ANALYSIS = YES;
				CLANG_WARN_STRICT_PROTOTYPES = YES;
				CLANG_WARN_SUSPICIOUS_MOVE = YES;
				CLANG_WARN_UNGUARDED_AVAILABILITY = YES_AGGRESSIVE;
				CLANG_WARN_UNREACHABLE_CODE = YES;
				CLANG_WARN__DUPLICATE_METHOD_MATCH = YES;
				COPY_PHASE_STRIP = NO;
				DEBUG_INFORMATION_FORMAT = "dwarf-with-dsym";
				ENABLE_NS_ASSERTIONS = NO;
				ENABLE_STRICT_OBJC_MSGSEND = YES;
				GCC_C_LANGUAGE_STANDARD = gnu11;
				GCC_NO_COMMON_BLOCKS = YES;
				GCC_WARN_64_TO_32_BIT_CONVERSION = YES;
				GCC_WARN_ABOUT_RETURN_TYPE = YES_ERROR;
				GCC_WARN_UNDECLARED_SELECTOR = YES;
				GCC_WARN_UNINITIALIZED_AUTOS = YES_AGGRESSIVE;
				GCC_WARN_UNUSED_FUNCTION = YES;
				GCC_WARN_UNUSED_VARIABLE = YES;
				IPHONEOS_DEPLOYMENT_TARGET = 15.5;
				MTL_ENABLE_DEBUG_INFO = NO;
				MTL_FAST_MATH = YES;
				SDKROOT = iphoneos;
				SWIFT_COMPILATION_MODE = wholemodule;
				SWIFT_OPTIMIZATION_LEVEL = "-O";
				VALIDATE_PRODUCT = YES;
			};
			name = Release;
		};
		BA270899284EF52F002FAC63 /* Debug */ = {
			isa = XCBuildConfiguration;
			buildSettings = {
				ASSETCATALOG_COMPILER_APPICON_NAME = AppIcon;
				ASSETCATALOG_COMPILER_GLOBAL_ACCENT_COLOR_NAME = AccentColor;
				CODE_SIGN_STYLE = Automatic;
				CURRENT_PROJECT_VERSION = 1;
				DEVELOPMENT_ASSET_PATHS = "\"SmartHomeThermostat/Preview Content\"";
				DEVELOPMENT_TEAM = FMXRD473RM;
				ENABLE_PREVIEWS = YES;
				GENERATE_INFOPLIST_FILE = YES;
				INFOPLIST_KEY_UIApplicationSceneManifest_Generation = YES;
				INFOPLIST_KEY_UIApplicationSupportsIndirectInputEvents = YES;
				INFOPLIST_KEY_UILaunchScreen_Generation = YES;
				INFOPLIST_KEY_UISupportedInterfaceOrientations_iPad = "UIInterfaceOrientationPortrait UIInterfaceOrientationPortraitUpsideDown UIInterfaceOrientationLandscapeLeft UIInterfaceOrientationLandscapeRight";
				INFOPLIST_KEY_UISupportedInterfaceOrientations_iPhone = "UIInterfaceOrientationPortrait UIInterfaceOrientationLandscapeLeft UIInterfaceOrientationLandscapeRight";
				LD_RUNPATH_SEARCH_PATHS = (
					"$(inherited)",
					"@executable_path/Frameworks",
				);
				MARKETING_VERSION = 1.0;
				PRODUCT_BUNDLE_IDENTIFIER = com.example.SmartHomeThermostat;
				PRODUCT_NAME = "$(TARGET_NAME)";
				SWIFT_EMIT_LOC_STRINGS = YES;
				SWIFT_VERSION = 5.0;
				TARGETED_DEVICE_FAMILY = "1,2";
			};
			name = Debug;
		};
		BA27089A284EF52F002FAC63 /* Release */ = {
			isa = XCBuildConfiguration;
			buildSettings = {
				ASSETCATALOG_COMPILER_APPICON_NAME = AppIcon;
				ASSETCATALOG_COMPILER_GLOBAL_ACCENT_COLOR_NAME = AccentColor;
				CODE_SIGN_STYLE = Automatic;
				CURRENT_PROJECT_VERSION = 1;
				DEVELOPMENT_ASSET_PATHS = "\"SmartHomeThermostat/Preview Content\"";
				DEVELOPMENT_TEAM = FMXRD473RM;
				ENABLE_PREVIEWS = YES;
				GENERATE_INFOPLIST_FILE = YES;
				INFOPLIST_KEY_UIApplicationSceneManifest_Generation = YES;
				INFOPLIST_KEY_UIApplicationSupportsIndirectInputEvents = YES;
				INFOPLIST_KEY_UILaunchScreen_Generation = YES;
				INFOPLIST_KEY_UISupportedInterfaceOrientations_iPad = "UIInterfaceOrientationPortrait UIInterfaceOrientationPortraitUpsideDown UIInterfaceOrientationLandscapeLeft UIInterfaceOrientationLandscapeRight";
				INFOPLIST_KEY_UISupportedInterfaceOrientations_iPhone = "UIInterfaceOrientationPortrait UIInterfaceOrientationLandscapeLeft UIInterfaceOrientationLandscapeRight";
				LD_RUNPATH_SEARCH_PATHS = (
					"$(inherited)",
					"@executable_path/Frameworks",
				);
				MARKETING_VERSION = 1.0;
				PRODUCT_BUNDLE_IDENTIFIER = com.example.SmartHomeThermostat;
				PRODUCT_NAME = "$(TARGET_NAME)";
				SWIFT_EMIT_LOC_STRINGS = YES;
				SWIFT_VERSION = 5.0;
				TARGETED_DEVICE_FAMILY = "1,2";
			};
			name = Release;
		};
		BA27089C284EF52F002FAC63 /* Debug */ = {
			isa = XCBuildConfiguration;
			buildSettings = {
				ALWAYS_EMBED_SWIFT_STANDARD_LIBRARIES = YES;
				BUNDLE_LOADER = "$(TEST_HOST)";
				CODE_SIGN_STYLE = Automatic;
				CURRENT_PROJECT_VERSION = 1;
				DEVELOPMENT_TEAM = FMXRD473RM;
				GENERATE_INFOPLIST_FILE = YES;
				IPHONEOS_DEPLOYMENT_TARGET = 15.5;
				MARKETING_VERSION = 1.0;
				PRODUCT_BUNDLE_IDENTIFIER = com.example.SmartHomeThermostatTests;
				PRODUCT_NAME = "$(TARGET_NAME)";
				SWIFT_EMIT_LOC_STRINGS = NO;
				SWIFT_VERSION = 5.0;
				TARGETED_DEVICE_FAMILY = "1,2";
				TEST_HOST = "$(BUILT_PRODUCTS_DIR)/SmartHomeThermostat.app/SmartHomeThermostat";
			};
			name = Debug;
		};
		BA27089D284EF52F002FAC63 /* Release */ = {
			isa = XCBuildConfiguration;
			buildSettings = {
				ALWAYS_EMBED_SWIFT_STANDARD_LIBRARIES = YES;
				BUNDLE_LOADER = "$(TEST_HOST)";
				CODE_SIGN_STYLE = Automatic;
				CURRENT_PROJECT_VERSION = 1;
				DEVELOPMENT_TEAM = FMXRD473RM;
				GENERATE_INFOPLIST_FILE = YES;
				IPHONEOS_DEPLOYMENT_TARGET = 15.5;
				MARKETING_VERSION = 1.0;
				PRODUCT_BUNDLE_IDENTIFIER = com.example.SmartHomeThermostatTests;
				PRODUCT_NAME = "$(TARGET_NAME)";
				SWIFT_EMIT_LOC_STRINGS = NO;
				SWIFT_VERSION = 5.0;
				TARGETED_DEVICE_FAMILY = "1,2";
				TEST_HOST = "$(BUILT_PRODUCTS_DIR)/SmartHomeThermostat.app/SmartHomeThermostat";
			};
			name = Release;
		};
		BA27089F284EF52F002FAC63 /* Debug */ = {
			isa = XCBuildConfiguration;
			buildSettings = {
				ALWAYS_EMBED_SWIFT_STANDARD_LIBRARIES = YES;
				CODE_SIGN_STYLE = Automatic;
				CURRENT_PROJECT_VERSION = 1;
				DEVELOPMENT_TEAM = FMXRD473RM;
				GENERATE_INFOPLIST_FILE = YES;
				MARKETING_VERSION = 1.0;
				PRODUCT_BUNDLE_IDENTIFIER = com.example.SmartHomeThermostatUITests;
				PRODUCT_NAME = "$(TARGET_NAME)";
				SWIFT_EMIT_LOC_STRINGS = NO;
				SWIFT_VERSION = 5.0;
				TARGETED_DEVICE_FAMILY = "1,2";
				TEST_TARGET_NAME = SmartHomeThermostat;
			};
			name = Debug;
		};
		BA2708A0284EF52F002FAC63 /* Release */ = {
			isa = XCBuildConfiguration;
			buildSettings = {
				ALWAYS_EMBED_SWIFT_STANDARD_LIBRARIES = YES;
				CODE_SIGN_STYLE = Automatic;
				CURRENT_PROJECT_VERSION = 1;
				DEVELOPMENT_TEAM = FMXRD473RM;
				GENERATE_INFOPLIST_FILE = YES;
				MARKETING_VERSION = 1.0;
				PRODUCT_BUNDLE_IDENTIFIER = com.example.SmartHomeThermostatUITests;
				PRODUCT_NAME = "$(TARGET_NAME)";
				SWIFT_EMIT_LOC_STRINGS = NO;
				SWIFT_VERSION = 5.0;
				TARGETED_DEVICE_FAMILY = "1,2";
				TEST_TARGET_NAME = SmartHomeThermostat;
			};
			name = Release;
		};
/* End XCBuildConfiguration section */

/* Begin XCConfigurationList section */
		BA27086F284EF52D002FAC63 /* Build configuration list for PBXProject "SmartHomeThermostat" */ = {
			isa = XCConfigurationList;
			buildConfigurations = (
				BA270896284EF52F002FAC63 /* Debug */,
				BA270897284EF52F002FAC63 /* Release */,
			);
			defaultConfigurationIsVisible = 0;
			defaultConfigurationName = Release;
		};
		BA270898284EF52F002FAC63 /* Build configuration list for PBXNativeTarget "SmartHomeThermostat" */ = {
			isa = XCConfigurationList;
			buildConfigurations = (
				BA270899284EF52F002FAC63 /* Debug */,
				BA27089A284EF52F002FAC63 /* Release */,
			);
			defaultConfigurationIsVisible = 0;
			defaultConfigurationName = Release;
		};
		BA27089B284EF52F002FAC63 /* Build configuration list for PBXNativeTarget "SmartHomeThermostatTests" */ = {
			isa = XCConfigurationList;
			buildConfigurations = (
				BA27089C284EF52F002FAC63 /* Debug */,
				BA27089D284EF52F002FAC63 /* Release */,
			);
			defaultConfigurationIsVisible = 0;
			defaultConfigurationName = Release;
		};
		BA27089E284EF52F002FAC63 /* Build configuration list for PBXNativeTarget "SmartHomeThermostatUITests" */ = {
			isa = XCConfigurationList;
			buildConfigurations = (
				BA27089F284EF52F002FAC63 /* Debug */,
				BA2708A0284EF52F002FAC63 /* Release */,
			);
			defaultConfigurationIsVisible = 0;
			defaultConfigurationName = Release;
		};
/* End XCConfigurationList section */
	};
	rootObject = BA27086C284EF52D002FAC63 /* Project object */;
}
